// !$*UTF8*$!
{
	archiveVersion = 1;
	classes = {
	};
	objectVersion = 46;
	objects = {

/* Begin PBXBuildFile section */
		39941B9A7520283F13A552C3 /* libPods-SYProxyExample-tvOS.a in Frameworks */ = {isa = PBXBuildFile; fileRef = 9D2D6E0077083610930560FD /* libPods-SYProxyExample-tvOS.a */; };
		5160EDF2789007F1E350D33F /* libPods-SYProxyExample.a in Frameworks */ = {isa = PBXBuildFile; fileRef = 3A81282ACBA96274E1E4F926 /* libPods-SYProxyExample.a */; };
		973E357E1BBE83E5000F5BBF /* main.m in Sources */ = {isa = PBXBuildFile; fileRef = 973E357D1BBE83E5000F5BBF /* main.m */; };
		973E35811BBE83E5000F5BBF /* SYAppDelegate.m in Sources */ = {isa = PBXBuildFile; fileRef = 973E35801BBE83E5000F5BBF /* SYAppDelegate.m */; };
		973E35871BBE83E5000F5BBF /* Main.storyboard in Resources */ = {isa = PBXBuildFile; fileRef = 973E35851BBE83E5000F5BBF /* Main.storyboard */; };
		973E35891BBE83E5000F5BBF /* Images.xcassets in Resources */ = {isa = PBXBuildFile; fileRef = 973E35881BBE83E5000F5BBF /* Images.xcassets */; };
		973E358C1BBE83E5000F5BBF /* LaunchScreen.xib in Resources */ = {isa = PBXBuildFile; fileRef = 973E358A1BBE83E5000F5BBF /* LaunchScreen.xib */; };
		973E35A61BBE94BC000F5BBF /* SYProxiesViewController.m in Sources */ = {isa = PBXBuildFile; fileRef = 973E35A51BBE94BC000F5BBF /* SYProxiesViewController.m */; };
		973E35A81BBE96DE000F5BBF /* error.html in Resources */ = {isa = PBXBuildFile; fileRef = 973E35A71BBE96DE000F5BBF /* error.html */; };
		973E35AB1BBE96E5000F5BBF /* SYViewController.m in Sources */ = {isa = PBXBuildFile; fileRef = 973E35AA1BBE96E5000F5BBF /* SYViewController.m */; };
		973E35B01BBE9A8A000F5BBF /* NSURL+Google.m in Sources */ = {isa = PBXBuildFile; fileRef = 973E35AD1BBE9A8A000F5BBF /* NSURL+Google.m */; };
		97D0000021A5785A004791E5 /* ViewController.m in Sources */ = {isa = PBXBuildFile; fileRef = 97D0FFFF21A5785A004791E5 /* ViewController.m */; };
		97D0000321A5785A004791E5 /* Main.storyboard in Resources */ = {isa = PBXBuildFile; fileRef = 97D0000121A5785A004791E5 /* Main.storyboard */; };
		97D0000521A5785C004791E5 /* Assets.xcassets in Resources */ = {isa = PBXBuildFile; fileRef = 97D0000421A5785C004791E5 /* Assets.xcassets */; };
		97D0000821A5785C004791E5 /* main.m in Sources */ = {isa = PBXBuildFile; fileRef = 97D0000721A5785C004791E5 /* main.m */; };
		97D0FFFD21A5785A004791E5 /* AppDelegate.m in Sources */ = {isa = PBXBuildFile; fileRef = 97D0FFFC21A5785A004791E5 /* AppDelegate.m */; };
		97DACE051BBEAA080055256D /* SYProxyModel.m in Sources */ = {isa = PBXBuildFile; fileRef = 97DACDFF1BBEAA080055256D /* SYProxyModel.m */; };
		97DACE061BBEAA080055256D /* SYProxySessionChallengeSender.m in Sources */ = {isa = PBXBuildFile; fileRef = 97DACE011BBEAA080055256D /* SYProxySessionChallengeSender.m */; };
		97DACE071BBEAA080055256D /* SYProxyURLProtocol.m in Sources */ = {isa = PBXBuildFile; fileRef = 97DACE031BBEAA080055256D /* SYProxyURLProtocol.m */; };
		97DACE0A1BBEAE440055256D /* SYEditProxyViewController.m in Sources */ = {isa = PBXBuildFile; fileRef = 97DACE091BBEAE440055256D /* SYEditProxyViewController.m */; };
		97F4C5D21BBFF1BD007CFD33 /* SYProxyCell.m in Sources */ = {isa = PBXBuildFile; fileRef = 97F4C5D11BBFF1BD007CFD33 /* SYProxyCell.m */; };
/* End PBXBuildFile section */

/* Begin PBXFileReference section */
		222559F236DFE1D698F12B57 /* Pods-SYProxyExample-tvOS.debug.xcconfig */ = {isa = PBXFileReference; includeInIndex = 1; lastKnownFileType = text.xcconfig; name = "Pods-SYProxyExample-tvOS.debug.xcconfig"; path = "Pods/Target Support Files/Pods-SYProxyExample-tvOS/Pods-SYProxyExample-tvOS.debug.xcconfig"; sourceTree = "<group>"; };
		3A81282ACBA96274E1E4F926 /* libPods-SYProxyExample.a */ = {isa = PBXFileReference; explicitFileType = archive.ar; includeInIndex = 0; path = "libPods-SYProxyExample.a"; sourceTree = BUILT_PRODUCTS_DIR; };
		45619CA2204E703E29370A2B /* Pods-SYProxyExample.debug.xcconfig */ = {isa = PBXFileReference; includeInIndex = 1; lastKnownFileType = text.xcconfig; name = "Pods-SYProxyExample.debug.xcconfig"; path = "Pods/Target Support Files/Pods-SYProxyExample/Pods-SYProxyExample.debug.xcconfig"; sourceTree = "<group>"; };
		61C4AE62FD47FF819504DC28 /* Pods-SYProxyExample.release.xcconfig */ = {isa = PBXFileReference; includeInIndex = 1; lastKnownFileType = text.xcconfig; name = "Pods-SYProxyExample.release.xcconfig"; path = "Pods/Target Support Files/Pods-SYProxyExample/Pods-SYProxyExample.release.xcconfig"; sourceTree = "<group>"; };
		70934E6DFCE08063BB72CEFF /* Pods-SYProxyExample-tvOS.release.xcconfig */ = {isa = PBXFileReference; includeInIndex = 1; lastKnownFileType = text.xcconfig; name = "Pods-SYProxyExample-tvOS.release.xcconfig"; path = "Pods/Target Support Files/Pods-SYProxyExample-tvOS/Pods-SYProxyExample-tvOS.release.xcconfig"; sourceTree = "<group>"; };
		973E35781BBE83E5000F5BBF /* SYProxyExample.app */ = {isa = PBXFileReference; explicitFileType = wrapper.application; includeInIndex = 0; path = SYProxyExample.app; sourceTree = BUILT_PRODUCTS_DIR; };
		973E357C1BBE83E5000F5BBF /* Info.plist */ = {isa = PBXFileReference; lastKnownFileType = text.plist.xml; path = Info.plist; sourceTree = "<group>"; };
		973E357D1BBE83E5000F5BBF /* main.m */ = {isa = PBXFileReference; lastKnownFileType = sourcecode.c.objc; path = main.m; sourceTree = "<group>"; };
		973E357F1BBE83E5000F5BBF /* SYAppDelegate.h */ = {isa = PBXFileReference; lastKnownFileType = sourcecode.c.h; path = SYAppDelegate.h; sourceTree = "<group>"; };
		973E35801BBE83E5000F5BBF /* SYAppDelegate.m */ = {isa = PBXFileReference; lastKnownFileType = sourcecode.c.objc; path = SYAppDelegate.m; sourceTree = "<group>"; };
		973E35861BBE83E5000F5BBF /* Base */ = {isa = PBXFileReference; lastKnownFileType = file.storyboard; name = Base; path = Base.lproj/Main.storyboard; sourceTree = "<group>"; };
		973E35881BBE83E5000F5BBF /* Images.xcassets */ = {isa = PBXFileReference; lastKnownFileType = folder.assetcatalog; path = Images.xcassets; sourceTree = "<group>"; };
		973E358B1BBE83E5000F5BBF /* Base */ = {isa = PBXFileReference; lastKnownFileType = file.xib; name = Base; path = Base.lproj/LaunchScreen.xib; sourceTree = "<group>"; };
		973E35A41BBE94BC000F5BBF /* SYProxiesViewController.h */ = {isa = PBXFileReference; fileEncoding = 4; lastKnownFileType = sourcecode.c.h; path = SYProxiesViewController.h; sourceTree = "<group>"; };
		973E35A51BBE94BC000F5BBF /* SYProxiesViewController.m */ = {isa = PBXFileReference; fileEncoding = 4; lastKnownFileType = sourcecode.c.objc; path = SYProxiesViewController.m; sourceTree = "<group>"; };
		973E35A71BBE96DE000F5BBF /* error.html */ = {isa = PBXFileReference; fileEncoding = 4; lastKnownFileType = text.html; path = error.html; sourceTree = "<group>"; };
		973E35A91BBE96E5000F5BBF /* SYViewController.h */ = {isa = PBXFileReference; fileEncoding = 4; lastKnownFileType = sourcecode.c.h; path = SYViewController.h; sourceTree = "<group>"; };
		973E35AA1BBE96E5000F5BBF /* SYViewController.m */ = {isa = PBXFileReference; fileEncoding = 4; lastKnownFileType = sourcecode.c.objc; path = SYViewController.m; sourceTree = "<group>"; };
		973E35AC1BBE9A8A000F5BBF /* NSURL+Google.h */ = {isa = PBXFileReference; fileEncoding = 4; lastKnownFileType = sourcecode.c.h; path = "NSURL+Google.h"; sourceTree = "<group>"; };
		973E35AD1BBE9A8A000F5BBF /* NSURL+Google.m */ = {isa = PBXFileReference; fileEncoding = 4; lastKnownFileType = sourcecode.c.objc; path = "NSURL+Google.m"; sourceTree = "<group>"; };
		97D0000221A5785A004791E5 /* Base */ = {isa = PBXFileReference; lastKnownFileType = file.storyboard; name = Base; path = Base.lproj/Main.storyboard; sourceTree = "<group>"; };
		97D0000421A5785C004791E5 /* Assets.xcassets */ = {isa = PBXFileReference; lastKnownFileType = folder.assetcatalog; path = Assets.xcassets; sourceTree = "<group>"; };
		97D0000621A5785C004791E5 /* Info.plist */ = {isa = PBXFileReference; lastKnownFileType = text.plist.xml; path = Info.plist; sourceTree = "<group>"; };
		97D0000721A5785C004791E5 /* main.m */ = {isa = PBXFileReference; lastKnownFileType = sourcecode.c.objc; path = main.m; sourceTree = "<group>"; };
		97D0FFF921A5785A004791E5 /* SYProxyExample-tvOS.app */ = {isa = PBXFileReference; explicitFileType = wrapper.application; includeInIndex = 0; path = "SYProxyExample-tvOS.app"; sourceTree = BUILT_PRODUCTS_DIR; };
		97D0FFFB21A5785A004791E5 /* AppDelegate.h */ = {isa = PBXFileReference; lastKnownFileType = sourcecode.c.h; path = AppDelegate.h; sourceTree = "<group>"; };
		97D0FFFC21A5785A004791E5 /* AppDelegate.m */ = {isa = PBXFileReference; lastKnownFileType = sourcecode.c.objc; path = AppDelegate.m; sourceTree = "<group>"; };
		97D0FFFE21A5785A004791E5 /* ViewController.h */ = {isa = PBXFileReference; lastKnownFileType = sourcecode.c.h; path = ViewController.h; sourceTree = "<group>"; };
		97D0FFFF21A5785A004791E5 /* ViewController.m */ = {isa = PBXFileReference; lastKnownFileType = sourcecode.c.objc; path = ViewController.m; sourceTree = "<group>"; };
		97DACDFE1BBEAA080055256D /* SYProxyModel.h */ = {isa = PBXFileReference; fileEncoding = 4; lastKnownFileType = sourcecode.c.h; path = SYProxyModel.h; sourceTree = "<group>"; };
		97DACDFF1BBEAA080055256D /* SYProxyModel.m */ = {isa = PBXFileReference; fileEncoding = 4; lastKnownFileType = sourcecode.c.objc; path = SYProxyModel.m; sourceTree = "<group>"; };
		97DACE001BBEAA080055256D /* SYProxySessionChallengeSender.h */ = {isa = PBXFileReference; fileEncoding = 4; lastKnownFileType = sourcecode.c.h; path = SYProxySessionChallengeSender.h; sourceTree = "<group>"; };
		97DACE011BBEAA080055256D /* SYProxySessionChallengeSender.m */ = {isa = PBXFileReference; fileEncoding = 4; lastKnownFileType = sourcecode.c.objc; path = SYProxySessionChallengeSender.m; sourceTree = "<group>"; };
		97DACE021BBEAA080055256D /* SYProxyURLProtocol.h */ = {isa = PBXFileReference; fileEncoding = 4; lastKnownFileType = sourcecode.c.h; path = SYProxyURLProtocol.h; sourceTree = "<group>"; };
		97DACE031BBEAA080055256D /* SYProxyURLProtocol.m */ = {isa = PBXFileReference; fileEncoding = 4; lastKnownFileType = sourcecode.c.objc; path = SYProxyURLProtocol.m; sourceTree = "<group>"; };
		97DACE081BBEAE440055256D /* SYEditProxyViewController.h */ = {isa = PBXFileReference; fileEncoding = 4; lastKnownFileType = sourcecode.c.h; path = SYEditProxyViewController.h; sourceTree = "<group>"; };
		97DACE091BBEAE440055256D /* SYEditProxyViewController.m */ = {isa = PBXFileReference; fileEncoding = 4; lastKnownFileType = sourcecode.c.objc; path = SYEditProxyViewController.m; sourceTree = "<group>"; };
		97F4C5D01BBFF1BD007CFD33 /* SYProxyCell.h */ = {isa = PBXFileReference; fileEncoding = 4; lastKnownFileType = sourcecode.c.h; path = SYProxyCell.h; sourceTree = "<group>"; };
		97F4C5D11BBFF1BD007CFD33 /* SYProxyCell.m */ = {isa = PBXFileReference; fileEncoding = 4; lastKnownFileType = sourcecode.c.objc; path = SYProxyCell.m; sourceTree = "<group>"; };
		9D2D6E0077083610930560FD /* libPods-SYProxyExample-tvOS.a */ = {isa = PBXFileReference; explicitFileType = archive.ar; includeInIndex = 0; path = "libPods-SYProxyExample-tvOS.a"; sourceTree = BUILT_PRODUCTS_DIR; };
/* End PBXFileReference section */

/* Begin PBXFrameworksBuildPhase section */
		973E35751BBE83E5000F5BBF /* Frameworks */ = {
			isa = PBXFrameworksBuildPhase;
			buildActionMask = 2147483647;
			files = (
				5160EDF2789007F1E350D33F /* libPods-SYProxyExample.a in Frameworks */,
			);
			runOnlyForDeploymentPostprocessing = 0;
		};
		97D0FFF621A5785A004791E5 /* Frameworks */ = {
			isa = PBXFrameworksBuildPhase;
			buildActionMask = 2147483647;
			files = (
				39941B9A7520283F13A552C3 /* libPods-SYProxyExample-tvOS.a in Frameworks */,
			);
			runOnlyForDeploymentPostprocessing = 0;
		};
/* End PBXFrameworksBuildPhase section */

/* Begin PBXGroup section */
		0C87ACD08A5910ACC91D8826 /* Frameworks */ = {
			isa = PBXGroup;
			children = (
				3A81282ACBA96274E1E4F926 /* libPods-SYProxyExample.a */,
				9D2D6E0077083610930560FD /* libPods-SYProxyExample-tvOS.a */,
			);
			name = Frameworks;
			sourceTree = "<group>";
		};
		685B696318CCB6D7EF76493D /* Pods */ = {
			isa = PBXGroup;
			children = (
				45619CA2204E703E29370A2B /* Pods-SYProxyExample.debug.xcconfig */,
				61C4AE62FD47FF819504DC28 /* Pods-SYProxyExample.release.xcconfig */,
				222559F236DFE1D698F12B57 /* Pods-SYProxyExample-tvOS.debug.xcconfig */,
				70934E6DFCE08063BB72CEFF /* Pods-SYProxyExample-tvOS.release.xcconfig */,
			);
			name = Pods;
			sourceTree = "<group>";
		};
		973E356F1BBE83E5000F5BBF = {
			isa = PBXGroup;
			children = (
				97DACDFB1BBEAA080055256D /* SYProxy */,
				973E357A1BBE83E5000F5BBF /* SYProxyExample */,
				97D0FFFA21A5785A004791E5 /* SYProxyExample-tvOS */,
				973E35791BBE83E5000F5BBF /* Products */,
				685B696318CCB6D7EF76493D /* Pods */,
				0C87ACD08A5910ACC91D8826 /* Frameworks */,
			);
			sourceTree = "<group>";
		};
		973E35791BBE83E5000F5BBF /* Products */ = {
			isa = PBXGroup;
			children = (
				973E35781BBE83E5000F5BBF /* SYProxyExample.app */,
				97D0FFF921A5785A004791E5 /* SYProxyExample-tvOS.app */,
			);
			name = Products;
			sourceTree = "<group>";
		};
		973E357A1BBE83E5000F5BBF /* SYProxyExample */ = {
			isa = PBXGroup;
			children = (
				973E357F1BBE83E5000F5BBF /* SYAppDelegate.h */,
				973E35801BBE83E5000F5BBF /* SYAppDelegate.m */,
				9754B7AE1BBE9AB600B94A14 /* ViewControllers */,
				9754B7AD1BBE9AAF00B94A14 /* Views */,
				9754B7AF1BBE9AC000B94A14 /* Categories */,
				973E35B21BBE9A8E000F5BBF /* Resources */,
				973E35851BBE83E5000F5BBF /* Main.storyboard */,
				973E358A1BBE83E5000F5BBF /* LaunchScreen.xib */,
				973E357B1BBE83E5000F5BBF /* Supporting Files */,
			);
			path = SYProxyExample;
			sourceTree = "<group>";
		};
		973E357B1BBE83E5000F5BBF /* Supporting Files */ = {
			isa = PBXGroup;
			children = (
				973E357C1BBE83E5000F5BBF /* Info.plist */,
				973E357D1BBE83E5000F5BBF /* main.m */,
			);
			name = "Supporting Files";
			sourceTree = "<group>";
		};
		973E35B21BBE9A8E000F5BBF /* Resources */ = {
			isa = PBXGroup;
			children = (
				973E35881BBE83E5000F5BBF /* Images.xcassets */,
				973E35A71BBE96DE000F5BBF /* error.html */,
			);
			name = Resources;
			sourceTree = "<group>";
		};
		9754B7AD1BBE9AAF00B94A14 /* Views */ = {
			isa = PBXGroup;
			children = (
				97F4C5D01BBFF1BD007CFD33 /* SYProxyCell.h */,
				97F4C5D11BBFF1BD007CFD33 /* SYProxyCell.m */,
			);
			name = Views;
			sourceTree = "<group>";
		};
		9754B7AE1BBE9AB600B94A14 /* ViewControllers */ = {
			isa = PBXGroup;
			children = (
				973E35A91BBE96E5000F5BBF /* SYViewController.h */,
				973E35AA1BBE96E5000F5BBF /* SYViewController.m */,
				973E35A41BBE94BC000F5BBF /* SYProxiesViewController.h */,
				973E35A51BBE94BC000F5BBF /* SYProxiesViewController.m */,
				97DACE081BBEAE440055256D /* SYEditProxyViewController.h */,
				97DACE091BBEAE440055256D /* SYEditProxyViewController.m */,
			);
			name = ViewControllers;
			sourceTree = "<group>";
		};
		9754B7AF1BBE9AC000B94A14 /* Categories */ = {
			isa = PBXGroup;
			children = (
				973E35AC1BBE9A8A000F5BBF /* NSURL+Google.h */,
				973E35AD1BBE9A8A000F5BBF /* NSURL+Google.m */,
			);
			name = Categories;
			sourceTree = "<group>";
		};
		97D0FFFA21A5785A004791E5 /* SYProxyExample-tvOS */ = {
			isa = PBXGroup;
			children = (
				97D0FFFB21A5785A004791E5 /* AppDelegate.h */,
				97D0FFFC21A5785A004791E5 /* AppDelegate.m */,
				97D0FFFE21A5785A004791E5 /* ViewController.h */,
				97D0FFFF21A5785A004791E5 /* ViewController.m */,
				97D0000121A5785A004791E5 /* Main.storyboard */,
				97D0000421A5785C004791E5 /* Assets.xcassets */,
				97D0000621A5785C004791E5 /* Info.plist */,
				97D0000721A5785C004791E5 /* main.m */,
			);
			path = "SYProxyExample-tvOS";
			sourceTree = "<group>";
		};
		97DACDFB1BBEAA080055256D /* SYProxy */ = {
			isa = PBXGroup;
			children = (
				97DACDFE1BBEAA080055256D /* SYProxyModel.h */,
				97DACDFF1BBEAA080055256D /* SYProxyModel.m */,
				97DACE001BBEAA080055256D /* SYProxySessionChallengeSender.h */,
				97DACE011BBEAA080055256D /* SYProxySessionChallengeSender.m */,
				97DACE021BBEAA080055256D /* SYProxyURLProtocol.h */,
				97DACE031BBEAA080055256D /* SYProxyURLProtocol.m */,
			);
			path = SYProxy;
			sourceTree = "<group>";
		};
/* End PBXGroup section */

/* Begin PBXNativeTarget section */
		973E35771BBE83E5000F5BBF /* SYProxyExample */ = {
			isa = PBXNativeTarget;
			buildConfigurationList = 973E359B1BBE83E5000F5BBF /* Build configuration list for PBXNativeTarget "SYProxyExample" */;
			buildPhases = (
				C747F967D42AA922ED054095 /* [CP] Check Pods Manifest.lock */,
				973E35741BBE83E5000F5BBF /* Sources */,
				973E35751BBE83E5000F5BBF /* Frameworks */,
				973E35761BBE83E5000F5BBF /* Resources */,
				1E89371EDDA74A47DC880A01 /* [CP] Copy Pods Resources */,
			);
			buildRules = (
			);
			dependencies = (
			);
			name = SYProxyExample;
			productName = SYProxyExample;
			productReference = 973E35781BBE83E5000F5BBF /* SYProxyExample.app */;
			productType = "com.apple.product-type.application";
		};
		97D0FFF821A5785A004791E5 /* SYProxyExample-tvOS */ = {
			isa = PBXNativeTarget;
			buildConfigurationList = 97D0000921A5785C004791E5 /* Build configuration list for PBXNativeTarget "SYProxyExample-tvOS" */;
			buildPhases = (
				B1E76B2E45D0F12969D8BCC5 /* [CP] Check Pods Manifest.lock */,
				97D0FFF521A5785A004791E5 /* Sources */,
				97D0FFF621A5785A004791E5 /* Frameworks */,
				97D0FFF721A5785A004791E5 /* Resources */,
			);
			buildRules = (
			);
			dependencies = (
			);
			name = "SYProxyExample-tvOS";
			productName = "SYProxyExample-tvOS";
			productReference = 97D0FFF921A5785A004791E5 /* SYProxyExample-tvOS.app */;
			productType = "com.apple.product-type.application";
		};
/* End PBXNativeTarget section */

/* Begin PBXProject section */
		973E35701BBE83E5000F5BBF /* Project object */ = {
			isa = PBXProject;
			attributes = {
				CLASSPREFIX = SY;
				LastUpgradeCheck = 0640;
				ORGANIZATIONNAME = Syan;
				TargetAttributes = {
					973E35771BBE83E5000F5BBF = {
						CreatedOnToolsVersion = 6.4;
						DevelopmentTeam = 79RY8264V4;
					};
					97D0FFF821A5785A004791E5 = {
						CreatedOnToolsVersion = 10.1;
						DevelopmentTeam = 79RY8264V4;
						ProvisioningStyle = Automatic;
					};
				};
			};
			buildConfigurationList = 973E35731BBE83E5000F5BBF /* Build configuration list for PBXProject "SYProxyExample" */;
			compatibilityVersion = "Xcode 3.2";
			developmentRegion = English;
			hasScannedForEncodings = 0;
			knownRegions = (
				en,
				Base,
			);
			mainGroup = 973E356F1BBE83E5000F5BBF;
			productRefGroup = 973E35791BBE83E5000F5BBF /* Products */;
			projectDirPath = "";
			projectRoot = "";
			targets = (
				973E35771BBE83E5000F5BBF /* SYProxyExample */,
				97D0FFF821A5785A004791E5 /* SYProxyExample-tvOS */,
			);
		};
/* End PBXProject section */

/* Begin PBXResourcesBuildPhase section */
		973E35761BBE83E5000F5BBF /* Resources */ = {
			isa = PBXResourcesBuildPhase;
			buildActionMask = 2147483647;
			files = (
				973E35871BBE83E5000F5BBF /* Main.storyboard in Resources */,
				973E358C1BBE83E5000F5BBF /* LaunchScreen.xib in Resources */,
				973E35891BBE83E5000F5BBF /* Images.xcassets in Resources */,
				973E35A81BBE96DE000F5BBF /* error.html in Resources */,
			);
			runOnlyForDeploymentPostprocessing = 0;
		};
		97D0FFF721A5785A004791E5 /* Resources */ = {
			isa = PBXResourcesBuildPhase;
			buildActionMask = 2147483647;
			files = (
				97D0000521A5785C004791E5 /* Assets.xcassets in Resources */,
				97D0000321A5785A004791E5 /* Main.storyboard in Resources */,
			);
			runOnlyForDeploymentPostprocessing = 0;
		};
/* End PBXResourcesBuildPhase section */

/* Begin PBXShellScriptBuildPhase section */
		1E89371EDDA74A47DC880A01 /* [CP] Copy Pods Resources */ = {
			isa = PBXShellScriptBuildPhase;
			buildActionMask = 2147483647;
			files = (
			);
			inputFileListPaths = (
			);
			inputPaths = (
				"${SRCROOT}/Pods/Target Support Files/Pods-SYProxyExample/Pods-SYProxyExample-resources.sh",
				"${PODS_CONFIGURATION_BUILD_DIR}/SYKit/SYSearchField.bundle",
			);
			name = "[CP] Copy Pods Resources";
			outputFileListPaths = (
			);
			outputPaths = (
				"${TARGET_BUILD_DIR}/${UNLOCALIZED_RESOURCES_FOLDER_PATH}/SYSearchField.bundle",
			);
			runOnlyForDeploymentPostprocessing = 0;
			shellPath = /bin/sh;
			shellScript = "\"${SRCROOT}/Pods/Target Support Files/Pods-SYProxyExample/Pods-SYProxyExample-resources.sh\"\n";
			showEnvVarsInLog = 0;
		};
		B1E76B2E45D0F12969D8BCC5 /* [CP] Check Pods Manifest.lock */ = {
			isa = PBXShellScriptBuildPhase;
			buildActionMask = 2147483647;
			files = (
			);
			inputFileListPaths = (
			);
			inputPaths = (
				"${PODS_PODFILE_DIR_PATH}/Podfile.lock",
				"${PODS_ROOT}/Manifest.lock",
			);
			name = "[CP] Check Pods Manifest.lock";
			outputFileListPaths = (
			);
			outputPaths = (
				"$(DERIVED_FILE_DIR)/Pods-SYProxyExample-tvOS-checkManifestLockResult.txt",
			);
			runOnlyForDeploymentPostprocessing = 0;
			shellPath = /bin/sh;
			shellScript = "diff \"${PODS_PODFILE_DIR_PATH}/Podfile.lock\" \"${PODS_ROOT}/Manifest.lock\" > /dev/null\nif [ $? != 0 ] ; then\n    # print error to STDERR\n    echo \"error: The sandbox is not in sync with the Podfile.lock. Run 'pod install' or update your CocoaPods installation.\" >&2\n    exit 1\nfi\n# This output is used by Xcode 'outputs' to avoid re-running this script phase.\necho \"SUCCESS\" > \"${SCRIPT_OUTPUT_FILE_0}\"\n";
			showEnvVarsInLog = 0;
		};
		C747F967D42AA922ED054095 /* [CP] Check Pods Manifest.lock */ = {
			isa = PBXShellScriptBuildPhase;
			buildActionMask = 2147483647;
			files = (
			);
			inputFileListPaths = (
			);
			inputPaths = (
				"${PODS_PODFILE_DIR_PATH}/Podfile.lock",
				"${PODS_ROOT}/Manifest.lock",
			);
			name = "[CP] Check Pods Manifest.lock";
			outputFileListPaths = (
			);
			outputPaths = (
				"$(DERIVED_FILE_DIR)/Pods-SYProxyExample-checkManifestLockResult.txt",
			);
			runOnlyForDeploymentPostprocessing = 0;
			shellPath = /bin/sh;
			shellScript = "diff \"${PODS_PODFILE_DIR_PATH}/Podfile.lock\" \"${PODS_ROOT}/Manifest.lock\" > /dev/null\nif [ $? != 0 ] ; then\n    # print error to STDERR\n    echo \"error: The sandbox is not in sync with the Podfile.lock. Run 'pod install' or update your CocoaPods installation.\" >&2\n    exit 1\nfi\n# This output is used by Xcode 'outputs' to avoid re-running this script phase.\necho \"SUCCESS\" > \"${SCRIPT_OUTPUT_FILE_0}\"\n";
			showEnvVarsInLog = 0;
		};
/* End PBXShellScriptBuildPhase section */

/* Begin PBXSourcesBuildPhase section */
		973E35741BBE83E5000F5BBF /* Sources */ = {
			isa = PBXSourcesBuildPhase;
			buildActionMask = 2147483647;
			files = (
				97DACE061BBEAA080055256D /* SYProxySessionChallengeSender.m in Sources */,
				97DACE051BBEAA080055256D /* SYProxyModel.m in Sources */,
				973E35AB1BBE96E5000F5BBF /* SYViewController.m in Sources */,
				973E35A61BBE94BC000F5BBF /* SYProxiesViewController.m in Sources */,
				973E35811BBE83E5000F5BBF /* SYAppDelegate.m in Sources */,
				97DACE0A1BBEAE440055256D /* SYEditProxyViewController.m in Sources */,
				97DACE071BBEAA080055256D /* SYProxyURLProtocol.m in Sources */,
				97F4C5D21BBFF1BD007CFD33 /* SYProxyCell.m in Sources */,
				973E35B01BBE9A8A000F5BBF /* NSURL+Google.m in Sources */,
				973E357E1BBE83E5000F5BBF /* main.m in Sources */,
			);
			runOnlyForDeploymentPostprocessing = 0;
		};
		97D0FFF521A5785A004791E5 /* Sources */ = {
			isa = PBXSourcesBuildPhase;
			buildActionMask = 2147483647;
			files = (
				97D0000021A5785A004791E5 /* ViewController.m in Sources */,
				97D0000821A5785C004791E5 /* main.m in Sources */,
				97D0FFFD21A5785A004791E5 /* AppDelegate.m in Sources */,
			);
			runOnlyForDeploymentPostprocessing = 0;
		};
/* End PBXSourcesBuildPhase section */

/* Begin PBXVariantGroup section */
		973E35851BBE83E5000F5BBF /* Main.storyboard */ = {
			isa = PBXVariantGroup;
			children = (
				973E35861BBE83E5000F5BBF /* Base */,
			);
			name = Main.storyboard;
			sourceTree = "<group>";
		};
		973E358A1BBE83E5000F5BBF /* LaunchScreen.xib */ = {
			isa = PBXVariantGroup;
			children = (
				973E358B1BBE83E5000F5BBF /* Base */,
			);
			name = LaunchScreen.xib;
			sourceTree = "<group>";
		};
		97D0000121A5785A004791E5 /* Main.storyboard */ = {
			isa = PBXVariantGroup;
			children = (
				97D0000221A5785A004791E5 /* Base */,
			);
			name = Main.storyboard;
			sourceTree = "<group>";
		};
/* End PBXVariantGroup section */

/* Begin XCBuildConfiguration section */
		973E35991BBE83E5000F5BBF /* Debug */ = {
			isa = XCBuildConfiguration;
			buildSettings = {
				ALWAYS_SEARCH_USER_PATHS = NO;
				CLANG_CXX_LANGUAGE_STANDARD = "gnu++0x";
				CLANG_CXX_LIBRARY = "libc++";
				CLANG_ENABLE_MODULES = YES;
				CLANG_ENABLE_OBJC_ARC = YES;
				CLANG_WARN_BOOL_CONVERSION = YES;
				CLANG_WARN_CONSTANT_CONVERSION = YES;
				CLANG_WARN_DIRECT_OBJC_ISA_USAGE = YES_ERROR;
				CLANG_WARN_EMPTY_BODY = YES;
				CLANG_WARN_ENUM_CONVERSION = YES;
				CLANG_WARN_INT_CONVERSION = YES;
				CLANG_WARN_OBJC_ROOT_CLASS = YES_ERROR;
				CLANG_WARN_UNREACHABLE_CODE = YES;
				CLANG_WARN__DUPLICATE_METHOD_MATCH = YES;
				"CODE_SIGN_IDENTITY[sdk=iphoneos*]" = "iPhone Developer";
				COPY_PHASE_STRIP = NO;
				DEBUG_INFORMATION_FORMAT = "dwarf-with-dsym";
				ENABLE_STRICT_OBJC_MSGSEND = YES;
				GCC_C_LANGUAGE_STANDARD = gnu99;
				GCC_DYNAMIC_NO_PIC = NO;
				GCC_NO_COMMON_BLOCKS = YES;
				GCC_OPTIMIZATION_LEVEL = 0;
				GCC_PREPROCESSOR_DEFINITIONS = (
					"DEBUG=1",
					"$(inherited)",
				);
				GCC_SYMBOLS_PRIVATE_EXTERN = NO;
				GCC_WARN_64_TO_32_BIT_CONVERSION = YES;
				GCC_WARN_ABOUT_RETURN_TYPE = YES_ERROR;
				GCC_WARN_UNDECLARED_SELECTOR = YES;
				GCC_WARN_UNINITIALIZED_AUTOS = YES_AGGRESSIVE;
				GCC_WARN_UNUSED_FUNCTION = YES;
				GCC_WARN_UNUSED_VARIABLE = YES;
				IPHONEOS_DEPLOYMENT_TARGET = 8.4;
				MTL_ENABLE_DEBUG_INFO = YES;
				ONLY_ACTIVE_ARCH = YES;
				SDKROOT = iphoneos;
				TARGETED_DEVICE_FAMILY = "1,2";
			};
			name = Debug;
		};
		973E359A1BBE83E5000F5BBF /* Release */ = {
			isa = XCBuildConfiguration;
			buildSettings = {
				ALWAYS_SEARCH_USER_PATHS = NO;
				CLANG_CXX_LANGUAGE_STANDARD = "gnu++0x";
				CLANG_CXX_LIBRARY = "libc++";
				CLANG_ENABLE_MODULES = YES;
				CLANG_ENABLE_OBJC_ARC = YES;
				CLANG_WARN_BOOL_CONVERSION = YES;
				CLANG_WARN_CONSTANT_CONVERSION = YES;
				CLANG_WARN_DIRECT_OBJC_ISA_USAGE = YES_ERROR;
				CLANG_WARN_EMPTY_BODY = YES;
				CLANG_WARN_ENUM_CONVERSION = YES;
				CLANG_WARN_INT_CONVERSION = YES;
				CLANG_WARN_OBJC_ROOT_CLASS = YES_ERROR;
				CLANG_WARN_UNREACHABLE_CODE = YES;
				CLANG_WARN__DUPLICATE_METHOD_MATCH = YES;
				"CODE_SIGN_IDENTITY[sdk=iphoneos*]" = "iPhone Developer";
				COPY_PHASE_STRIP = NO;
				DEBUG_INFORMATION_FORMAT = "dwarf-with-dsym";
				ENABLE_NS_ASSERTIONS = NO;
				ENABLE_STRICT_OBJC_MSGSEND = YES;
				GCC_C_LANGUAGE_STANDARD = gnu99;
				GCC_NO_COMMON_BLOCKS = YES;
				GCC_WARN_64_TO_32_BIT_CONVERSION = YES;
				GCC_WARN_ABOUT_RETURN_TYPE = YES_ERROR;
				GCC_WARN_UNDECLARED_SELECTOR = YES;
				GCC_WARN_UNINITIALIZED_AUTOS = YES_AGGRESSIVE;
				GCC_WARN_UNUSED_FUNCTION = YES;
				GCC_WARN_UNUSED_VARIABLE = YES;
				IPHONEOS_DEPLOYMENT_TARGET = 8.4;
				MTL_ENABLE_DEBUG_INFO = NO;
				SDKROOT = iphoneos;
				TARGETED_DEVICE_FAMILY = "1,2";
				VALIDATE_PRODUCT = YES;
			};
			name = Release;
		};
		973E359C1BBE83E5000F5BBF /* Debug */ = {
			isa = XCBuildConfiguration;
			baseConfigurationReference = 45619CA2204E703E29370A2B /* Pods-SYProxyExample.debug.xcconfig */;
			buildSettings = {
				ASSETCATALOG_COMPILER_APPICON_NAME = AppIcon;
				DEVELOPMENT_TEAM = 79RY8264V4;
				INFOPLIST_FILE = SYProxyExample/Info.plist;
				IPHONEOS_DEPLOYMENT_TARGET = 8.0;
				LD_RUNPATH_SEARCH_PATHS = "$(inherited) @executable_path/Frameworks";
				PRODUCT_NAME = "$(TARGET_NAME)";
			};
			name = Debug;
		};
		973E359D1BBE83E5000F5BBF /* Release */ = {
			isa = XCBuildConfiguration;
			baseConfigurationReference = 61C4AE62FD47FF819504DC28 /* Pods-SYProxyExample.release.xcconfig */;
			buildSettings = {
				ASSETCATALOG_COMPILER_APPICON_NAME = AppIcon;
				DEVELOPMENT_TEAM = 79RY8264V4;
				INFOPLIST_FILE = SYProxyExample/Info.plist;
				IPHONEOS_DEPLOYMENT_TARGET = 8.0;
				LD_RUNPATH_SEARCH_PATHS = "$(inherited) @executable_path/Frameworks";
				PRODUCT_NAME = "$(TARGET_NAME)";
			};
			name = Release;
		};
		97D0000A21A5785C004791E5 /* Debug */ = {
			isa = XCBuildConfiguration;
			baseConfigurationReference = 222559F236DFE1D698F12B57 /* Pods-SYProxyExample-tvOS.debug.xcconfig */;
			buildSettings = {
				ASSETCATALOG_COMPILER_APPICON_NAME = "App Icon & Top Shelf Image";
				ASSETCATALOG_COMPILER_LAUNCHIMAGE_NAME = LaunchImage;
				CLANG_ANALYZER_NONNULL = YES;
				CLANG_ANALYZER_NUMBER_OBJECT_CONVERSION = YES_AGGRESSIVE;
				CLANG_CXX_LANGUAGE_STANDARD = "gnu++14";
				CLANG_ENABLE_OBJC_WEAK = YES;
				CLANG_WARN_BLOCK_CAPTURE_AUTORELEASING = YES;
				CLANG_WARN_COMMA = YES;
				CLANG_WARN_DEPRECATED_OBJC_IMPLEMENTATIONS = YES;
				CLANG_WARN_DOCUMENTATION_COMMENTS = YES;
				CLANG_WARN_INFINITE_RECURSION = YES;
				CLANG_WARN_NON_LITERAL_NULL_CONVERSION = YES;
				CLANG_WARN_OBJC_IMPLICIT_RETAIN_SELF = YES;
				CLANG_WARN_OBJC_LITERAL_CONVERSION = YES;
				CLANG_WARN_RANGE_LOOP_ANALYSIS = YES;
				CLANG_WARN_STRICT_PROTOTYPES = YES;
				CLANG_WARN_SUSPICIOUS_MOVE = YES;
				CLANG_WARN_UNGUARDED_AVAILABILITY = YES_AGGRESSIVE;
				CODE_SIGN_STYLE = Automatic;
				DEBUG_INFORMATION_FORMAT = dwarf;
				DEVELOPMENT_TEAM = 79RY8264V4;
				ENABLE_TESTABILITY = YES;
				GCC_C_LANGUAGE_STANDARD = gnu11;
				INFOPLIST_FILE = "SYProxyExample-tvOS/Info.plist";
				LD_RUNPATH_SEARCH_PATHS = "$(inherited) @executable_path/Frameworks";
				MTL_ENABLE_DEBUG_INFO = INCLUDE_SOURCE;
				MTL_FAST_MATH = YES;
				PRODUCT_BUNDLE_IDENTIFIER = "me.syan.SYProxyExample-tvOS";
				PRODUCT_NAME = "$(TARGET_NAME)";
				SDKROOT = appletvos;
				TARGETED_DEVICE_FAMILY = 3;
				TVOS_DEPLOYMENT_TARGET = 12.1;
			};
			name = Debug;
		};
		97D0000B21A5785C004791E5 /* Release */ = {
			isa = XCBuildConfiguration;
			baseConfigurationReference = 70934E6DFCE08063BB72CEFF /* Pods-SYProxyExample-tvOS.release.xcconfig */;
			buildSettings = {
				ASSETCATALOG_COMPILER_APPICON_NAME = "App Icon & Top Shelf Image";
				ASSETCATALOG_COMPILER_LAUNCHIMAGE_NAME = LaunchImage;
				CLANG_ANALYZER_NONNULL = YES;
				CLANG_ANALYZER_NUMBER_OBJECT_CONVERSION = YES_AGGRESSIVE;
				CLANG_CXX_LANGUAGE_STANDARD = "gnu++14";
				CLANG_ENABLE_OBJC_WEAK = YES;
				CLANG_WARN_BLOCK_CAPTURE_AUTORELEASING = YES;
				CLANG_WARN_COMMA = YES;
				CLANG_WARN_DEPRECATED_OBJC_IMPLEMENTATIONS = YES;
				CLANG_WARN_DOCUMENTATION_COMMENTS = YES;
				CLANG_WARN_INFINITE_RECURSION = YES;
				CLANG_WARN_NON_LITERAL_NULL_CONVERSION = YES;
				CLANG_WARN_OBJC_IMPLICIT_RETAIN_SELF = YES;
				CLANG_WARN_OBJC_LITERAL_CONVERSION = YES;
				CLANG_WARN_RANGE_LOOP_ANALYSIS = YES;
				CLANG_WARN_STRICT_PROTOTYPES = YES;
				CLANG_WARN_SUSPICIOUS_MOVE = YES;
				CLANG_WARN_UNGUARDED_AVAILABILITY = YES_AGGRESSIVE;
				CODE_SIGN_STYLE = Automatic;
				DEVELOPMENT_TEAM = 79RY8264V4;
				GCC_C_LANGUAGE_STANDARD = gnu11;
				INFOPLIST_FILE = "SYProxyExample-tvOS/Info.plist";
				LD_RUNPATH_SEARCH_PATHS = "$(inherited) @executable_path/Frameworks";
				MTL_FAST_MATH = YES;
				PRODUCT_BUNDLE_IDENTIFIER = "me.syan.SYProxyExample-tvOS";
				PRODUCT_NAME = "$(TARGET_NAME)";
				SDKROOT = appletvos;
				TARGETED_DEVICE_FAMILY = 3;
				TVOS_DEPLOYMENT_TARGET = 12.1;
			};
			name = Release;
		};
/* End XCBuildConfiguration section */

/* Begin XCConfigurationList section */
		973E35731BBE83E5000F5BBF /* Build configuration list for PBXProject "SYProxyExample" */ = {
			isa = XCConfigurationList;
			buildConfigurations = (
				973E35991BBE83E5000F5BBF /* Debug */,
				973E359A1BBE83E5000F5BBF /* Release */,
			);
			defaultConfigurationIsVisible = 0;
			defaultConfigurationName = Release;
		};
		973E359B1BBE83E5000F5BBF /* Build configuration list for PBXNativeTarget "SYProxyExample" */ = {
			isa = XCConfigurationList;
			buildConfigurations = (
				973E359C1BBE83E5000F5BBF /* Debug */,
				973E359D1BBE83E5000F5BBF /* Release */,
			);
			defaultConfigurationIsVisible = 0;
			defaultConfigurationName = Release;
		};
		97D0000921A5785C004791E5 /* Build configuration list for PBXNativeTarget "SYProxyExample-tvOS" */ = {
			isa = XCConfigurationList;
			buildConfigurations = (
				97D0000A21A5785C004791E5 /* Debug */,
				97D0000B21A5785C004791E5 /* Release */,
			);
			defaultConfigurationIsVisible = 0;
			defaultConfigurationName = Release;
		};
/* End XCConfigurationList section */
	};
	rootObject = 973E35701BBE83E5000F5BBF /* Project object */;
}
